
Microsoft Visual Studio Solution File, Format Version 12.00
# Visual Studio Version 16
VisualStudioVersion = 16.0.29123.89
MinimumVisualStudioVersion = 10.0.40219.1
Project("{FAE04EC0-301F-11D3-BF4B-00C04F79EFBC}") = "HistogramComparer.Desktop", "HistogramComparer.Desktop\HistogramComparer.Desktop.csproj", "{E4ED2DD7-2715-4310-96B3-A1AF24148CA7}"
EndProject
Global
	GlobalSection(SolutionConfigurationPlatforms) = preSolution
		Debug|Any CPU = Debug|Any CPU
		Release|Any CPU = Release|Any CPU
	EndGlobalSection
	GlobalSection(ProjectConfigurationPlatforms) = postSolution
		{E4ED2DD7-2715-4310-96B3-A1AF24148CA7}.Debug|Any CPU.ActiveCfg = Debug|Any CPU
		{E4ED2DD7-2715-4310-96B3-A1AF24148CA7}.Debug|Any CPU.Build.0 = Debug|Any CPU
		{E4ED2DD7-2715-4310-96B3-A1AF24148CA7}.Release|Any CPU.ActiveCfg = Release|Any CPU
		{E4ED2DD7-2715-4310-96B3-A1AF24148CA7}.Release|Any CPU.Build.0 = Release|Any CPU
	EndGlobalSection
	GlobalSection(SolutionProperties) = preSolution
		HideSolutionNode = FALSE
	EndGlobalSection
	GlobalSection(ExtensibilityGlobals) = postSolution
		SolutionGuid = {348D14C7-EC1C-4695-879B-A5461BC50175}
	EndGlobalSection
EndGlobal
